// !$*UTF8*$!
{
	archiveVersion = 1;
	classes = {
	};
	objectVersion = 48;
	objects = {

/* Begin PBXBuildFile section */
		3A235DDC20457B8E00AEC947 /* AppDelegate.swift in Sources */ = {isa = PBXBuildFile; fileRef = 3A235DDB20457B8E00AEC947 /* AppDelegate.swift */; };
		3A235DDE20457B8E00AEC947 /* ViewController.swift in Sources */ = {isa = PBXBuildFile; fileRef = 3A235DDD20457B8E00AEC947 /* ViewController.swift */; };
		3A235DE120457B8E00AEC947 /* Main.storyboard in Resources */ = {isa = PBXBuildFile; fileRef = 3A235DDF20457B8E00AEC947 /* Main.storyboard */; };
		3A235DE420457B8E00AEC947 /* KPI_Mobile.xcdatamodeld in Sources */ = {isa = PBXBuildFile; fileRef = 3A235DE220457B8E00AEC947 /* KPI_Mobile.xcdatamodeld */; };
		3A235DE620457B8E00AEC947 /* Assets.xcassets in Resources */ = {isa = PBXBuildFile; fileRef = 3A235DE520457B8E00AEC947 /* Assets.xcassets */; };
		3A235DE920457B8E00AEC947 /* LaunchScreen.storyboard in Resources */ = {isa = PBXBuildFile; fileRef = 3A235DE720457B8E00AEC947 /* LaunchScreen.storyboard */; };
		3A235DF320458B3900AEC947 /* ApiCommunicator.swift in Sources */ = {isa = PBXBuildFile; fileRef = 3A235DF220458B3900AEC947 /* ApiCommunicator.swift */; };
		946B82B420474C1A0062F1DB /* Teacher.swift in Sources */ = {isa = PBXBuildFile; fileRef = 946B82B320474C1A0062F1DB /* Teacher.swift */; };
		946B82B620474D750062F1DB /* Response.swift in Sources */ = {isa = PBXBuildFile; fileRef = 946B82B520474D750062F1DB /* Response.swift */; };
		946B82BA204775610062F1DB /* Schedule.swift in Sources */ = {isa = PBXBuildFile; fileRef = 946B82B9204775610062F1DB /* Schedule.swift */; };
		946B82BC2047775A0062F1DB /* Room.swift in Sources */ = {isa = PBXBuildFile; fileRef = 946B82BB2047775A0062F1DB /* Room.swift */; };
		948970D12045A9DC00298878 /* Group.swift in Sources */ = {isa = PBXBuildFile; fileRef = 948970D02045A9DC00298878 /* Group.swift */; };
		948970D42045AA6000298878 /* ScheduleService.swift in Sources */ = {isa = PBXBuildFile; fileRef = 948970D32045AA6000298878 /* ScheduleService.swift */; };
		948970D92045ADC400298878 /* Config.swift in Sources */ = {isa = PBXBuildFile; fileRef = 948970D82045ADC400298878 /* Config.swift */; };
		B620160D890698DC7B039DE6 /* Pods_KPI_Mobile.framework in Frameworks */ = {isa = PBXBuildFile; fileRef = A3E7861770318F6F7F1696A7 /* Pods_KPI_Mobile.framework */; };
/* End PBXBuildFile section */

/* Begin PBXFileReference section */
		17689160D5254B8524C77DF4 /* Pods-KPI Mobile.release.xcconfig */ = {isa = PBXFileReference; includeInIndex = 1; lastKnownFileType = text.xcconfig; name = "Pods-KPI Mobile.release.xcconfig"; path = "Pods/Target Support Files/Pods-KPI Mobile/Pods-KPI Mobile.release.xcconfig"; sourceTree = "<group>"; };
		3A235DD820457B8E00AEC947 /* KPI Mobile.app */ = {isa = PBXFileReference; explicitFileType = wrapper.application; includeInIndex = 0; path = "KPI Mobile.app"; sourceTree = BUILT_PRODUCTS_DIR; };
		3A235DDB20457B8E00AEC947 /* AppDelegate.swift */ = {isa = PBXFileReference; lastKnownFileType = sourcecode.swift; path = AppDelegate.swift; sourceTree = "<group>"; };
		3A235DDD20457B8E00AEC947 /* ViewController.swift */ = {isa = PBXFileReference; lastKnownFileType = sourcecode.swift; path = ViewController.swift; sourceTree = "<group>"; };
		3A235DE020457B8E00AEC947 /* Base */ = {isa = PBXFileReference; lastKnownFileType = file.storyboard; name = Base; path = Base.lproj/Main.storyboard; sourceTree = "<group>"; };
		3A235DE320457B8E00AEC947 /* KPI_Mobile.xcdatamodel */ = {isa = PBXFileReference; lastKnownFileType = wrapper.xcdatamodel; path = KPI_Mobile.xcdatamodel; sourceTree = "<group>"; };
		3A235DE520457B8E00AEC947 /* Assets.xcassets */ = {isa = PBXFileReference; lastKnownFileType = folder.assetcatalog; path = Assets.xcassets; sourceTree = "<group>"; };
		3A235DE820457B8E00AEC947 /* Base */ = {isa = PBXFileReference; lastKnownFileType = file.storyboard; name = Base; path = Base.lproj/LaunchScreen.storyboard; sourceTree = "<group>"; };
		3A235DEA20457B8E00AEC947 /* Info.plist */ = {isa = PBXFileReference; lastKnownFileType = text.plist.xml; path = Info.plist; sourceTree = "<group>"; };
		3A235DF220458B3900AEC947 /* ApiCommunicator.swift */ = {isa = PBXFileReference; lastKnownFileType = sourcecode.swift; path = ApiCommunicator.swift; sourceTree = "<group>"; };
		49349955F8BA617BD9FF195E /* Pods-KPI Mobile.debug.xcconfig */ = {isa = PBXFileReference; includeInIndex = 1; lastKnownFileType = text.xcconfig; name = "Pods-KPI Mobile.debug.xcconfig"; path = "Pods/Target Support Files/Pods-KPI Mobile/Pods-KPI Mobile.debug.xcconfig"; sourceTree = "<group>"; };
		946B82B320474C1A0062F1DB /* Teacher.swift */ = {isa = PBXFileReference; lastKnownFileType = sourcecode.swift; path = Teacher.swift; sourceTree = "<group>"; };
		946B82B520474D750062F1DB /* Response.swift */ = {isa = PBXFileReference; lastKnownFileType = sourcecode.swift; path = Response.swift; sourceTree = "<group>"; };
		946B82B9204775610062F1DB /* Schedule.swift */ = {isa = PBXFileReference; lastKnownFileType = sourcecode.swift; path = Schedule.swift; sourceTree = "<group>"; };
		946B82BB2047775A0062F1DB /* Room.swift */ = {isa = PBXFileReference; lastKnownFileType = sourcecode.swift; path = Room.swift; sourceTree = "<group>"; };
		948970D02045A9DC00298878 /* Group.swift */ = {isa = PBXFileReference; lastKnownFileType = sourcecode.swift; path = Group.swift; sourceTree = "<group>"; };
		948970D32045AA6000298878 /* ScheduleService.swift */ = {isa = PBXFileReference; lastKnownFileType = sourcecode.swift; path = ScheduleService.swift; sourceTree = "<group>"; };
		948970D82045ADC400298878 /* Config.swift */ = {isa = PBXFileReference; lastKnownFileType = sourcecode.swift; path = Config.swift; sourceTree = "<group>"; };
		A3E7861770318F6F7F1696A7 /* Pods_KPI_Mobile.framework */ = {isa = PBXFileReference; explicitFileType = wrapper.framework; includeInIndex = 0; path = Pods_KPI_Mobile.framework; sourceTree = BUILT_PRODUCTS_DIR; };
/* End PBXFileReference section */

/* Begin PBXFrameworksBuildPhase section */
		3A235DD520457B8E00AEC947 /* Frameworks */ = {
			isa = PBXFrameworksBuildPhase;
			buildActionMask = 2147483647;
			files = (
				B620160D890698DC7B039DE6 /* Pods_KPI_Mobile.framework in Frameworks */,
			);
			runOnlyForDeploymentPostprocessing = 0;
		};
/* End PBXFrameworksBuildPhase section */

/* Begin PBXGroup section */
		3A235DCF20457B8E00AEC947 = {
			isa = PBXGroup;
			children = (
				3A235DDA20457B8E00AEC947 /* KPI Mobile */,
				3A235DD920457B8E00AEC947 /* Products */,
				DE939E141A3A8A02B6616B0B /* Pods */,
				D0DB4E7448E9C5A2F1A7985F /* Frameworks */,
			);
			sourceTree = "<group>";
		};
		3A235DD920457B8E00AEC947 /* Products */ = {
			isa = PBXGroup;
			children = (
				3A235DD820457B8E00AEC947 /* KPI Mobile.app */,
			);
			name = Products;
			sourceTree = "<group>";
		};
		3A235DDA20457B8E00AEC947 /* KPI Mobile */ = {
			isa = PBXGroup;
			children = (
				3A235DEA20457B8E00AEC947 /* Info.plist */,
				3A235DDB20457B8E00AEC947 /* AppDelegate.swift */,
				948970D82045ADC400298878 /* Config.swift */,
				3A235DF020458AE000AEC947 /* View */,
				3A235DF120458B0100AEC947 /* Networking */,
				3A235DE520457B8E00AEC947 /* Assets.xcassets */,
				3A235DE220457B8E00AEC947 /* KPI_Mobile.xcdatamodeld */,
			);
			path = "KPI Mobile";
			sourceTree = "<group>";
		};
		3A235DF020458AE000AEC947 /* View */ = {
			isa = PBXGroup;
			children = (
				3A235DE720457B8E00AEC947 /* LaunchScreen.storyboard */,
				3A235DDF20457B8E00AEC947 /* Main.storyboard */,
				3A235DDD20457B8E00AEC947 /* ViewController.swift */,
			);
			path = View;
			sourceTree = "<group>";
		};
		3A235DF120458B0100AEC947 /* Networking */ = {
			isa = PBXGroup;
			children = (
				948970D22045A9F700298878 /* Services */,
				948970CF2045A94700298878 /* Entities */,
				3A235DF220458B3900AEC947 /* ApiCommunicator.swift */,
			);
			path = Networking;
			sourceTree = "<group>";
		};
		948970CF2045A94700298878 /* Entities */ = {
			isa = PBXGroup;
			children = (
				948970D02045A9DC00298878 /* Group.swift */,
				946B82B320474C1A0062F1DB /* Teacher.swift */,
				946B82B520474D750062F1DB /* Response.swift */,
				946B82B9204775610062F1DB /* Schedule.swift */,
				946B82BB2047775A0062F1DB /* Room.swift */,
			);
			path = Entities;
			sourceTree = "<group>";
		};
		948970D22045A9F700298878 /* Services */ = {
			isa = PBXGroup;
			children = (
				948970D32045AA6000298878 /* ScheduleService.swift */,
			);
			path = Services;
			sourceTree = "<group>";
		};
		D0DB4E7448E9C5A2F1A7985F /* Frameworks */ = {
			isa = PBXGroup;
			children = (
				A3E7861770318F6F7F1696A7 /* Pods_KPI_Mobile.framework */,
			);
			name = Frameworks;
			sourceTree = "<group>";
		};
		DE939E141A3A8A02B6616B0B /* Pods */ = {
			isa = PBXGroup;
			children = (
				49349955F8BA617BD9FF195E /* Pods-KPI Mobile.debug.xcconfig */,
				17689160D5254B8524C77DF4 /* Pods-KPI Mobile.release.xcconfig */,
			);
			name = Pods;
			sourceTree = "<group>";
		};
/* End PBXGroup section */

/* Begin PBXNativeTarget section */
		3A235DD720457B8E00AEC947 /* KPI Mobile */ = {
			isa = PBXNativeTarget;
			buildConfigurationList = 3A235DED20457B8E00AEC947 /* Build configuration list for PBXNativeTarget "KPI Mobile" */;
			buildPhases = (
				6FD5345F22BAC8428C191ACF /* [CP] Check Pods Manifest.lock */,
				3A235DD420457B8E00AEC947 /* Sources */,
				3A235DD520457B8E00AEC947 /* Frameworks */,
				3A235DD620457B8E00AEC947 /* Resources */,
				24294DA065DE47BD46DCC37E /* [CP] Embed Pods Frameworks */,
				4829CF64623B2A4F1E83835A /* [CP] Copy Pods Resources */,
			);
			buildRules = (
			);
			dependencies = (
			);
			name = "KPI Mobile";
			productName = "KPI Mobile";
			productReference = 3A235DD820457B8E00AEC947 /* KPI Mobile.app */;
			productType = "com.apple.product-type.application";
		};
/* End PBXNativeTarget section */

/* Begin PBXProject section */
		3A235DD020457B8E00AEC947 /* Project object */ = {
			isa = PBXProject;
			attributes = {
				LastSwiftUpdateCheck = 0920;
				LastUpgradeCheck = 0920;
				ORGANIZATIONNAME = "Alex Vihlayew";
				TargetAttributes = {
					3A235DD720457B8E00AEC947 = {
						CreatedOnToolsVersion = 9.2;
						ProvisioningStyle = Automatic;
					};
				};
			};
			buildConfigurationList = 3A235DD320457B8E00AEC947 /* Build configuration list for PBXProject "KPI Mobile" */;
			compatibilityVersion = "Xcode 8.0";
			developmentRegion = en;
			hasScannedForEncodings = 0;
			knownRegions = (
				en,
				Base,
			);
			mainGroup = 3A235DCF20457B8E00AEC947;
			productRefGroup = 3A235DD920457B8E00AEC947 /* Products */;
			projectDirPath = "";
			projectRoot = "";
			targets = (
				3A235DD720457B8E00AEC947 /* KPI Mobile */,
			);
		};
/* End PBXProject section */

/* Begin PBXResourcesBuildPhase section */
		3A235DD620457B8E00AEC947 /* Resources */ = {
			isa = PBXResourcesBuildPhase;
			buildActionMask = 2147483647;
			files = (
				3A235DE920457B8E00AEC947 /* LaunchScreen.storyboard in Resources */,
				3A235DE620457B8E00AEC947 /* Assets.xcassets in Resources */,
				3A235DE120457B8E00AEC947 /* Main.storyboard in Resources */,
			);
			runOnlyForDeploymentPostprocessing = 0;
		};
/* End PBXResourcesBuildPhase section */

/* Begin PBXShellScriptBuildPhase section */
		24294DA065DE47BD46DCC37E /* [CP] Embed Pods Frameworks */ = {
			isa = PBXShellScriptBuildPhase;
			buildActionMask = 2147483647;
			files = (
			);
			inputPaths = (
				"${SRCROOT}/Pods/Target Support Files/Pods-KPI Mobile/Pods-KPI Mobile-frameworks.sh",
				"${BUILT_PRODUCTS_DIR}/RxCocoa/RxCocoa.framework",
				"${BUILT_PRODUCTS_DIR}/RxSwift/RxSwift.framework",
			);
			name = "[CP] Embed Pods Frameworks";
			outputPaths = (
				"${TARGET_BUILD_DIR}/${FRAMEWORKS_FOLDER_PATH}/RxCocoa.framework",
				"${TARGET_BUILD_DIR}/${FRAMEWORKS_FOLDER_PATH}/RxSwift.framework",
			);
			runOnlyForDeploymentPostprocessing = 0;
			shellPath = /bin/sh;
			shellScript = "\"${SRCROOT}/Pods/Target Support Files/Pods-KPI Mobile/Pods-KPI Mobile-frameworks.sh\"\n";
			showEnvVarsInLog = 0;
		};
		4829CF64623B2A4F1E83835A /* [CP] Copy Pods Resources */ = {
			isa = PBXShellScriptBuildPhase;
			buildActionMask = 2147483647;
			files = (
			);
			inputPaths = (
			);
			name = "[CP] Copy Pods Resources";
			outputPaths = (
			);
			runOnlyForDeploymentPostprocessing = 0;
			shellPath = /bin/sh;
			shellScript = "\"${SRCROOT}/Pods/Target Support Files/Pods-KPI Mobile/Pods-KPI Mobile-resources.sh\"\n";
			showEnvVarsInLog = 0;
		};
		6FD5345F22BAC8428C191ACF /* [CP] Check Pods Manifest.lock */ = {
			isa = PBXShellScriptBuildPhase;
			buildActionMask = 2147483647;
			files = (
			);
			inputPaths = (
				"${PODS_PODFILE_DIR_PATH}/Podfile.lock",
				"${PODS_ROOT}/Manifest.lock",
			);
			name = "[CP] Check Pods Manifest.lock";
			outputPaths = (
				"$(DERIVED_FILE_DIR)/Pods-KPI Mobile-checkManifestLockResult.txt",
			);
			runOnlyForDeploymentPostprocessing = 0;
			shellPath = /bin/sh;
			shellScript = "diff \"${PODS_PODFILE_DIR_PATH}/Podfile.lock\" \"${PODS_ROOT}/Manifest.lock\" > /dev/null\nif [ $? != 0 ] ; then\n    # print error to STDERR\n    echo \"error: The sandbox is not in sync with the Podfile.lock. Run 'pod install' or update your CocoaPods installation.\" >&2\n    exit 1\nfi\n# This output is used by Xcode 'outputs' to avoid re-running this script phase.\necho \"SUCCESS\" > \"${SCRIPT_OUTPUT_FILE_0}\"\n";
			showEnvVarsInLog = 0;
		};
/* End PBXShellScriptBuildPhase section */

/* Begin PBXSourcesBuildPhase section */
		3A235DD420457B8E00AEC947 /* Sources */ = {
			isa = PBXSourcesBuildPhase;
			buildActionMask = 2147483647;
			files = (
				948970D42045AA6000298878 /* ScheduleService.swift in Sources */,
				3A235DE420457B8E00AEC947 /* KPI_Mobile.xcdatamodeld in Sources */,
				3A235DDE20457B8E00AEC947 /* ViewController.swift in Sources */,
				3A235DDC20457B8E00AEC947 /* AppDelegate.swift in Sources */,
				946B82B620474D750062F1DB /* Response.swift in Sources */,
				946B82B420474C1A0062F1DB /* Teacher.swift in Sources */,
				948970D92045ADC400298878 /* Config.swift in Sources */,
				948970D12045A9DC00298878 /* Group.swift in Sources */,
				946B82BA204775610062F1DB /* Schedule.swift in Sources */,
				3A235DF320458B3900AEC947 /* ApiCommunicator.swift in Sources */,
				946B82BC2047775A0062F1DB /* Room.swift in Sources */,
			);
			runOnlyForDeploymentPostprocessing = 0;
		};
/* End PBXSourcesBuildPhase section */

/* Begin PBXVariantGroup section */
		3A235DDF20457B8E00AEC947 /* Main.storyboard */ = {
			isa = PBXVariantGroup;
			children = (
				3A235DE020457B8E00AEC947 /* Base */,
			);
			name = Main.storyboard;
			sourceTree = "<group>";
		};
		3A235DE720457B8E00AEC947 /* LaunchScreen.storyboard */ = {
			isa = PBXVariantGroup;
			children = (
				3A235DE820457B8E00AEC947 /* Base */,
			);
			name = LaunchScreen.storyboard;
			sourceTree = "<group>";
		};
/* End PBXVariantGroup section */

/* Begin XCBuildConfiguration section */
		3A235DEB20457B8E00AEC947 /* Debug */ = {
			isa = XCBuildConfiguration;
			buildSettings = {
				ALWAYS_SEARCH_USER_PATHS = NO;
				CLANG_ANALYZER_NONNULL = YES;
				CLANG_ANALYZER_NUMBER_OBJECT_CONVERSION = YES_AGGRESSIVE;
				CLANG_CXX_LANGUAGE_STANDARD = "gnu++14";
				CLANG_CXX_LIBRARY = "libc++";
				CLANG_ENABLE_MODULES = YES;
				CLANG_ENABLE_OBJC_ARC = YES;
				CLANG_WARN_BLOCK_CAPTURE_AUTORELEASING = YES;
				CLANG_WARN_BOOL_CONVERSION = YES;
				CLANG_WARN_COMMA = YES;
				CLANG_WARN_CONSTANT_CONVERSION = YES;
				CLANG_WARN_DIRECT_OBJC_ISA_USAGE = YES_ERROR;
				CLANG_WARN_DOCUMENTATION_COMMENTS = YES;
				CLANG_WARN_EMPTY_BODY = YES;
				CLANG_WARN_ENUM_CONVERSION = YES;
				CLANG_WARN_INFINITE_RECURSION = YES;
				CLANG_WARN_INT_CONVERSION = YES;
				CLANG_WARN_NON_LITERAL_NULL_CONVERSION = YES;
				CLANG_WARN_OBJC_LITERAL_CONVERSION = YES;
				CLANG_WARN_OBJC_ROOT_CLASS = YES_ERROR;
				CLANG_WARN_RANGE_LOOP_ANALYSIS = YES;
				CLANG_WARN_STRICT_PROTOTYPES = YES;
				CLANG_WARN_SUSPICIOUS_MOVE = YES;
				CLANG_WARN_UNGUARDED_AVAILABILITY = YES_AGGRESSIVE;
				CLANG_WARN_UNREACHABLE_CODE = YES;
				CLANG_WARN__DUPLICATE_METHOD_MATCH = YES;
				CODE_SIGN_IDENTITY = "iPhone Developer";
				COPY_PHASE_STRIP = NO;
				DEBUG_INFORMATION_FORMAT = dwarf;
				ENABLE_STRICT_OBJC_MSGSEND = YES;
				ENABLE_TESTABILITY = YES;
				GCC_C_LANGUAGE_STANDARD = gnu11;
				GCC_DYNAMIC_NO_PIC = NO;
				GCC_NO_COMMON_BLOCKS = YES;
				GCC_OPTIMIZATION_LEVEL = 0;
				GCC_PREPROCESSOR_DEFINITIONS = (
					"DEBUG=1",
					"$(inherited)",
				);
				GCC_WARN_64_TO_32_BIT_CONVERSION = YES;
				GCC_WARN_ABOUT_RETURN_TYPE = YES_ERROR;
				GCC_WARN_UNDECLARED_SELECTOR = YES;
				GCC_WARN_UNINITIALIZED_AUTOS = YES_AGGRESSIVE;
				GCC_WARN_UNUSED_FUNCTION = YES;
				GCC_WARN_UNUSED_VARIABLE = YES;
				IPHONEOS_DEPLOYMENT_TARGET = 11.2;
				MTL_ENABLE_DEBUG_INFO = YES;
				ONLY_ACTIVE_ARCH = YES;
				SDKROOT = iphoneos;
				SWIFT_ACTIVE_COMPILATION_CONDITIONS = DEBUG;
				SWIFT_OPTIMIZATION_LEVEL = "-Onone";
			};
			name = Debug;
		};
		3A235DEC20457B8E00AEC947 /* Release */ = {
			isa = XCBuildConfiguration;
			buildSettings = {
				ALWAYS_SEARCH_USER_PATHS = NO;
				CLANG_ANALYZER_NONNULL = YES;
				CLANG_ANALYZER_NUMBER_OBJECT_CONVERSION = YES_AGGRESSIVE;
				CLANG_CXX_LANGUAGE_STANDARD = "gnu++14";
				CLANG_CXX_LIBRARY = "libc++";
				CLANG_ENABLE_MODULES = YES;
				CLANG_ENABLE_OBJC_ARC = YES;
				CLANG_WARN_BLOCK_CAPTURE_AUTORELEASING = YES;
				CLANG_WARN_BOOL_CONVERSION = YES;
				CLANG_WARN_COMMA = YES;
				CLANG_WARN_CONSTANT_CONVERSION = YES;
				CLANG_WARN_DIRECT_OBJC_ISA_USAGE = YES_ERROR;
				CLANG_WARN_DOCUMENTATION_COMMENTS = YES;
				CLANG_WARN_EMPTY_BODY = YES;
				CLANG_WARN_ENUM_CONVERSION = YES;
				CLANG_WARN_INFINITE_RECURSION = YES;
				CLANG_WARN_INT_CONVERSION = YES;
				CLANG_WARN_NON_LITERAL_NULL_CONVERSION = YES;
				CLANG_WARN_OBJC_LITERAL_CONVERSION = YES;
				CLANG_WARN_OBJC_ROOT_CLASS = YES_ERROR;
				CLANG_WARN_RANGE_LOOP_ANALYSIS = YES;
				CLANG_WARN_STRICT_PROTOTYPES = YES;
				CLANG_WARN_SUSPICIOUS_MOVE = YES;
				CLANG_WARN_UNGUARDED_AVAILABILITY = YES_AGGRESSIVE;
				CLANG_WARN_UNREACHABLE_CODE = YES;
				CLANG_WARN__DUPLICATE_METHOD_MATCH = YES;
				CODE_SIGN_IDENTITY = "iPhone Developer";
				COPY_PHASE_STRIP = NO;
				DEBUG_INFORMATION_FORMAT = "dwarf-with-dsym";
				ENABLE_NS_ASSERTIONS = NO;
				ENABLE_STRICT_OBJC_MSGSEND = YES;
				GCC_C_LANGUAGE_STANDARD = gnu11;
				GCC_NO_COMMON_BLOCKS = YES;
				GCC_WARN_64_TO_32_BIT_CONVERSION = YES;
				GCC_WARN_ABOUT_RETURN_TYPE = YES_ERROR;
				GCC_WARN_UNDECLARED_SELECTOR = YES;
				GCC_WARN_UNINITIALIZED_AUTOS = YES_AGGRESSIVE;
				GCC_WARN_UNUSED_FUNCTION = YES;
				GCC_WARN_UNUSED_VARIABLE = YES;
				IPHONEOS_DEPLOYMENT_TARGET = 11.2;
				MTL_ENABLE_DEBUG_INFO = NO;
				SDKROOT = iphoneos;
				SWIFT_OPTIMIZATION_LEVEL = "-Owholemodule";
				VALIDATE_PRODUCT = YES;
			};
			name = Release;
		};
		3A235DEE20457B8E00AEC947 /* Debug */ = {
			isa = XCBuildConfiguration;
			baseConfigurationReference = 49349955F8BA617BD9FF195E /* Pods-KPI Mobile.debug.xcconfig */;
			buildSettings = {
				ASSETCATALOG_COMPILER_APPICON_NAME = AppIcon;
				CODE_SIGN_STYLE = Automatic;
				DEVELOPMENT_TEAM = 22U234HGU8;
				INFOPLIST_FILE = "KPI Mobile/Info.plist";
				IPHONEOS_DEPLOYMENT_TARGET = 10.0;
				LD_RUNPATH_SEARCH_PATHS = "$(inherited) @executable_path/Frameworks";
				PRODUCT_BUNDLE_IDENTIFIER = "vihlayew.KPI-Mobile";
				PRODUCT_NAME = "$(TARGET_NAME)";
				SWIFT_VERSION = 4.0;
				TARGETED_DEVICE_FAMILY = "1,2";
			};
			name = Debug;
		};
		3A235DEF20457B8E00AEC947 /* Release */ = {
			isa = XCBuildConfiguration;
			baseConfigurationReference = 17689160D5254B8524C77DF4 /* Pods-KPI Mobile.release.xcconfig */;
			buildSettings = {
				ASSETCATALOG_COMPILER_APPICON_NAME = AppIcon;
				CODE_SIGN_STYLE = Automatic;
				DEVELOPMENT_TEAM = 22U234HGU8;
				INFOPLIST_FILE = "KPI Mobile/Info.plist";
				IPHONEOS_DEPLOYMENT_TARGET = 10.0;
				LD_RUNPATH_SEARCH_PATHS = "$(inherited) @executable_path/Frameworks";
				PRODUCT_BUNDLE_IDENTIFIER = "vihlayew.KPI-Mobile";
				PRODUCT_NAME = "$(TARGET_NAME)";
				SWIFT_VERSION = 4.0;
				TARGETED_DEVICE_FAMILY = "1,2";
			};
			name = Release;
		};
/* End XCBuildConfiguration section */

/* Begin XCConfigurationList section */
		3A235DD320457B8E00AEC947 /* Build configuration list for PBXProject "KPI Mobile" */ = {
			isa = XCConfigurationList;
			buildConfigurations = (
				3A235DEB20457B8E00AEC947 /* Debug */,
				3A235DEC20457B8E00AEC947 /* Release */,
			);
			defaultConfigurationIsVisible = 0;
			defaultConfigurationName = Release;
		};
		3A235DED20457B8E00AEC947 /* Build configuration list for PBXNativeTarget "KPI Mobile" */ = {
			isa = XCConfigurationList;
			buildConfigurations = (
				3A235DEE20457B8E00AEC947 /* Debug */,
				3A235DEF20457B8E00AEC947 /* Release */,
			);
			defaultConfigurationIsVisible = 0;
			defaultConfigurationName = Release;
		};
/* End XCConfigurationList section */

/* Begin XCVersionGroup section */
		3A235DE220457B8E00AEC947 /* KPI_Mobile.xcdatamodeld */ = {
			isa = XCVersionGroup;
			children = (
				3A235DE320457B8E00AEC947 /* KPI_Mobile.xcdatamodel */,
			);
			currentVersion = 3A235DE320457B8E00AEC947 /* KPI_Mobile.xcdatamodel */;
			path = KPI_Mobile.xcdatamodeld;
			sourceTree = "<group>";
			versionGroupType = wrapper.xcdatamodel;
		};
/* End XCVersionGroup section */
	};
	rootObject = 3A235DD020457B8E00AEC947 /* Project object */;
}
